
Microsoft Visual Studio Solution File, Format Version 12.00
# Visual Studio 15
VisualStudioVersion = 15.0.27130.2010
MinimumVisualStudioVersion = 10.0.40219.1
Project("{FAE04EC0-301F-11D3-BF4B-00C04F79EFBC}") = "CryptoExchanges2", "CryptoExchanges2\CryptoExchanges2.csproj", "{E2E013AD-C99E-46EE-BB43-223DE54FD106}"
	ProjectSection(ProjectDependencies) = postProject
		{0A473723-557D-4047-A94A-94B161542D41} = {0A473723-557D-4047-A94A-94B161542D41}
		{99726823-1D32-402F-B823-97118A8A91CD} = {99726823-1D32-402F-B823-97118A8A91CD}
		{ADC34371-AAA7-47A7-B775-835BD6B497F0} = {ADC34371-AAA7-47A7-B775-835BD6B497F0}
		{416CE78E-3B2D-40A6-8CAD-53923B94C3A1} = {416CE78E-3B2D-40A6-8CAD-53923B94C3A1}
		{BD93CE94-0FBF-43B2-AF9D-9669C573AF5B} = {BD93CE94-0FBF-43B2-AF9D-9669C573AF5B}
		{D0A888BB-B5BC-46C2-84D1-5087746FF6C4} = {D0A888BB-B5BC-46C2-84D1-5087746FF6C4}
		{4D42A9C9-37D6-45D5-A41D-EE8A9CFEBB3A} = {4D42A9C9-37D6-45D5-A41D-EE8A9CFEBB3A}
	EndProjectSection
EndProject
Project("{FAE04EC0-301F-11D3-BF4B-00C04F79EFBC}") = "Shared", "BrokerModel\Shared.csproj", "{2D5BCEC3-6157-4B13-83C8-C710860E4EE4}"
EndProject
Project("{FAE04EC0-301F-11D3-BF4B-00C04F79EFBC}") = "GateIO", "GateIO\GateIO.csproj", "{D1C6262C-A4C0-47F3-BAE1-FD2AE685840E}"
EndProject
Project("{FAE04EC0-301F-11D3-BF4B-00C04F79EFBC}") = "CexIO", "CexIO\CexIO.csproj", "{2D5A0B3A-5D1D-4B70-A5D7-2D0E24667491}"
EndProject
Project("{FAE04EC0-301F-11D3-BF4B-00C04F79EFBC}") = "GDAX", "GDAX\GDAX.csproj", "{7132A88E-9635-48D1-B11E-E88311393EC0}"
EndProject
Project("{FAE04EC0-301F-11D3-BF4B-00C04F79EFBC}") = "Gatecoin", "Gatecoin\Gatecoin.csproj", "{694CF8D7-78A3-4FAA-BE71-02F0BFB7A384}"
	ProjectSection(ProjectDependencies) = postProject
		{2D5BCEC3-6157-4B13-83C8-C710860E4EE4} = {2D5BCEC3-6157-4B13-83C8-C710860E4EE4}
	EndProjectSection
EndProject
Project("{FAE04EC0-301F-11D3-BF4B-00C04F79EFBC}") = "Allcoin", "Allcoin\Allcoin.csproj", "{FFA0C0BC-6CBB-40F1-BBE7-CBD9403FCB56}"
	ProjectSection(ProjectDependencies) = postProject
		{2D5BCEC3-6157-4B13-83C8-C710860E4EE4} = {2D5BCEC3-6157-4B13-83C8-C710860E4EE4}
	EndProjectSection
EndProject
Project("{FAE04EC0-301F-11D3-BF4B-00C04F79EFBC}") = "QuadrigaCX", "QuadrigaCX\QuadrigaCX.csproj", "{6726D174-EF02-4E5F-A36D-02BA0BB67D60}"
	ProjectSection(ProjectDependencies) = postProject
		{2D5BCEC3-6157-4B13-83C8-C710860E4EE4} = {2D5BCEC3-6157-4B13-83C8-C710860E4EE4}
	EndProjectSection
EndProject
Project("{FAE04EC0-301F-11D3-BF4B-00C04F79EFBC}") = "BitcoinIndonesia", "BitcoinIndonesia\BitcoinIndonesia.csproj", "{96A08E17-25CE-4FDF-8094-43844B15BF7D}"
	ProjectSection(ProjectDependencies) = postProject
		{2D5BCEC3-6157-4B13-83C8-C710860E4EE4} = {2D5BCEC3-6157-4B13-83C8-C710860E4EE4}
	EndProjectSection
EndProject
Project("{FAE04EC0-301F-11D3-BF4B-00C04F79EFBC}") = "Livecoin", "Livecoin\Livecoin.csproj", "{5A9F0490-0A47-4809-BC8E-E16295880AC6}"
	ProjectSection(ProjectDependencies) = postProject
		{2D5BCEC3-6157-4B13-83C8-C710860E4EE4} = {2D5BCEC3-6157-4B13-83C8-C710860E4EE4}
	EndProjectSection
EndProject
Project("{FAE04EC0-301F-11D3-BF4B-00C04F79EFBC}") = "Tidex", "Tidex\Tidex.csproj", "{98AD3527-FDC3-4EB3-95C0-5D52805500CC}"
	ProjectSection(ProjectDependencies) = postProject
		{2D5BCEC3-6157-4B13-83C8-C710860E4EE4} = {2D5BCEC3-6157-4B13-83C8-C710860E4EE4}
	EndProjectSection
EndProject
Project("{FAE04EC0-301F-11D3-BF4B-00C04F79EFBC}") = "Coinone", "Coinone\Coinone.csproj", "{B5FA921E-A40A-4FAB-B0AB-3D5B9214808F}"
	ProjectSection(ProjectDependencies) = postProject
		{2D5BCEC3-6157-4B13-83C8-C710860E4EE4} = {2D5BCEC3-6157-4B13-83C8-C710860E4EE4}
	EndProjectSection
EndProject
Project("{FAE04EC0-301F-11D3-BF4B-00C04F79EFBC}") = "ACX", "ACX\ACX.csproj", "{8E32EBFE-5344-48F1-8DCE-EB815D1EF9E8}"
	ProjectSection(ProjectDependencies) = postProject
		{2D5BCEC3-6157-4B13-83C8-C710860E4EE4} = {2D5BCEC3-6157-4B13-83C8-C710860E4EE4}
	EndProjectSection
EndProject
Project("{FAE04EC0-301F-11D3-BF4B-00C04F79EFBC}") = "BitFlyer", "BitFlyer\BitFlyer.csproj", "{CBB33D84-0D1F-4145-BA9D-8E345579010A}"
	ProjectSection(ProjectDependencies) = postProject
		{2D5BCEC3-6157-4B13-83C8-C710860E4EE4} = {2D5BCEC3-6157-4B13-83C8-C710860E4EE4}
	EndProjectSection
EndProject
Project("{2150E333-8FDC-42A3-9474-1A3956D46DE8}") = "Exchanges", "Exchanges", "{A4976D3E-9403-4381-8638-EB05BB23161F}"
EndProject
Project("{FAE04EC0-301F-11D3-BF4B-00C04F79EFBC}") = "LakeBTC", "LakeBTC\LakeBTC.csproj", "{B9A4AA7B-23C7-48A6-A32D-40E577790780}"
	ProjectSection(ProjectDependencies) = postProject
		{2D5BCEC3-6157-4B13-83C8-C710860E4EE4} = {2D5BCEC3-6157-4B13-83C8-C710860E4EE4}
	EndProjectSection
EndProject
Project("{2150E333-8FDC-42A3-9474-1A3956D46DE8}") = "Tests", "Tests", "{F646784C-BF96-44BD-9459-27225C0A69A9}"
EndProject
Project("{FAE04EC0-301F-11D3-BF4B-00C04F79EFBC}") = "Poloniex", "Poloniex\Poloniex.csproj", "{D48E380D-53A7-4EC8-9B1E-429C23BB02C5}"
	ProjectSection(ProjectDependencies) = postProject
		{2D5BCEC3-6157-4B13-83C8-C710860E4EE4} = {2D5BCEC3-6157-4B13-83C8-C710860E4EE4}
	EndProjectSection
EndProject
Project("{FAE04EC0-301F-11D3-BF4B-00C04F79EFBC}") = "ConnectorsTest", "ConnectorsTest\ConnectorsTest.csproj", "{04360FB8-27CA-4823-8CC9-33998291CC57}"
EndProject
Project("{FAE04EC0-301F-11D3-BF4B-00C04F79EFBC}") = "Bithumb", "Bithumb\Bithumb.csproj", "{BD93CE94-0FBF-43B2-AF9D-9669C573AF5B}"
	ProjectSection(ProjectDependencies) = postProject
		{2D5BCEC3-6157-4B13-83C8-C710860E4EE4} = {2D5BCEC3-6157-4B13-83C8-C710860E4EE4}
	EndProjectSection
EndProject
Project("{FAE04EC0-301F-11D3-BF4B-00C04F79EFBC}") = "HitBTC", "HitBTC\HitBTC.csproj", "{9BC7A9D0-5B34-43E3-8CB7-98D56F0B2983}"
	ProjectSection(ProjectDependencies) = postProject
		{2D5BCEC3-6157-4B13-83C8-C710860E4EE4} = {2D5BCEC3-6157-4B13-83C8-C710860E4EE4}
	EndProjectSection
EndProject
Project("{FAE04EC0-301F-11D3-BF4B-00C04F79EFBC}") = "Liqui", "Liqui\Liqui.csproj", "{E8659B5C-AD94-47BB-A634-0E2D92ADA138}"
	ProjectSection(ProjectDependencies) = postProject
		{2D5BCEC3-6157-4B13-83C8-C710860E4EE4} = {2D5BCEC3-6157-4B13-83C8-C710860E4EE4}
	EndProjectSection
EndProject
Project("{FAE04EC0-301F-11D3-BF4B-00C04F79EFBC}") = "Kraken", "Kraken\Kraken.csproj", "{D0A888BB-B5BC-46C2-84D1-5087746FF6C4}"
	ProjectSection(ProjectDependencies) = postProject
		{2D5BCEC3-6157-4B13-83C8-C710860E4EE4} = {2D5BCEC3-6157-4B13-83C8-C710860E4EE4}
	EndProjectSection
EndProject
Project("{FAE04EC0-301F-11D3-BF4B-00C04F79EFBC}") = "Gemini", "Gemini\Gemini.csproj", "{416CE78E-3B2D-40A6-8CAD-53923B94C3A1}"
	ProjectSection(ProjectDependencies) = postProject
		{2D5BCEC3-6157-4B13-83C8-C710860E4EE4} = {2D5BCEC3-6157-4B13-83C8-C710860E4EE4}
	EndProjectSection
EndProject
Project("{FAE04EC0-301F-11D3-BF4B-00C04F79EFBC}") = "itBit", "itBit\itBit.csproj", "{76B3FF45-B11C-47A3-A2FD-DD2E3F9293FB}"
EndProject
Project("{FAE04EC0-301F-11D3-BF4B-00C04F79EFBC}") = "Vaultoro", "Vaultoro\Vaultoro.csproj", "{ADC34371-AAA7-47A7-B775-835BD6B497F0}"
	ProjectSection(ProjectDependencies) = postProject
		{2D5BCEC3-6157-4B13-83C8-C710860E4EE4} = {2D5BCEC3-6157-4B13-83C8-C710860E4EE4}
	EndProjectSection
EndProject
Project("{FAE04EC0-301F-11D3-BF4B-00C04F79EFBC}") = "Exmo", "Exmo\Exmo.csproj", "{4D42A9C9-37D6-45D5-A41D-EE8A9CFEBB3A}"
	ProjectSection(ProjectDependencies) = postProject
		{2D5BCEC3-6157-4B13-83C8-C710860E4EE4} = {2D5BCEC3-6157-4B13-83C8-C710860E4EE4}
	EndProjectSection
EndProject
Project("{FAE04EC0-301F-11D3-BF4B-00C04F79EFBC}") = "EXX", "EXX\EXX.csproj", "{0A473723-557D-4047-A94A-94B161542D41}"
	ProjectSection(ProjectDependencies) = postProject
		{2D5BCEC3-6157-4B13-83C8-C710860E4EE4} = {2D5BCEC3-6157-4B13-83C8-C710860E4EE4}
	EndProjectSection
EndProject
Project("{FAE04EC0-301F-11D3-BF4B-00C04F79EFBC}") = "WEX", "WEX\WEX.csproj", "{99726823-1D32-402F-B823-97118A8A91CD}"
	ProjectSection(ProjectDependencies) = postProject
		{2D5BCEC3-6157-4B13-83C8-C710860E4EE4} = {2D5BCEC3-6157-4B13-83C8-C710860E4EE4}
	EndProjectSection
EndProject
Project("{FAE04EC0-301F-11D3-BF4B-00C04F79EFBC}") = "Binance", "Binance\Binance.csproj", "{DC7A7119-650E-47B0-8A74-D95D4FBB7C11}"
	ProjectSection(ProjectDependencies) = postProject
		{2D5BCEC3-6157-4B13-83C8-C710860E4EE4} = {2D5BCEC3-6157-4B13-83C8-C710860E4EE4}
	EndProjectSection
EndProject
Project("{FAE04EC0-301F-11D3-BF4B-00C04F79EFBC}") = "Bitfinex", "Bitfinex\Bitfinex.csproj", "{D5A89107-4516-431D-9C38-FCA8D47943B1}"
	ProjectSection(ProjectDependencies) = postProject
		{2D5BCEC3-6157-4B13-83C8-C710860E4EE4} = {2D5BCEC3-6157-4B13-83C8-C710860E4EE4}
	EndProjectSection
EndProject
Project("{FAE04EC0-301F-11D3-BF4B-00C04F79EFBC}") = "Bittrex", "Bittrex\Bittrex.csproj", "{AEB558AA-5592-42D1-91C7-DE7FCBE82DD0}"
	ProjectSection(ProjectDependencies) = postProject
		{2D5BCEC3-6157-4B13-83C8-C710860E4EE4} = {2D5BCEC3-6157-4B13-83C8-C710860E4EE4}
	EndProjectSection
EndProject
Project("{FAE04EC0-301F-11D3-BF4B-00C04F79EFBC}") = "Bitstamp", "Bitstamp\Bitstamp.csproj", "{25DF0E39-28B6-456E-99F4-0F19BF92A571}"
	ProjectSection(ProjectDependencies) = postProject
		{2D5BCEC3-6157-4B13-83C8-C710860E4EE4} = {2D5BCEC3-6157-4B13-83C8-C710860E4EE4}
	EndProjectSection
EndProject
Project("{FAE04EC0-301F-11D3-BF4B-00C04F79EFBC}") = "Quoine", "Quoine\Quoine.csproj", "{B8051F2E-AA34-44A0-9EE9-AD7F78138548}"
	ProjectSection(ProjectDependencies) = postProject
		{2D5BCEC3-6157-4B13-83C8-C710860E4EE4} = {2D5BCEC3-6157-4B13-83C8-C710860E4EE4}
	EndProjectSection
EndProject
Global
	GlobalSection(SolutionConfigurationPlatforms) = preSolution
		Debug|Any CPU = Debug|Any CPU
		Release|Any CPU = Release|Any CPU
	EndGlobalSection
	GlobalSection(ProjectConfigurationPlatforms) = postSolution
		{E2E013AD-C99E-46EE-BB43-223DE54FD106}.Debug|Any CPU.ActiveCfg = Debug|Any CPU
		{E2E013AD-C99E-46EE-BB43-223DE54FD106}.Debug|Any CPU.Build.0 = Debug|Any CPU
		{E2E013AD-C99E-46EE-BB43-223DE54FD106}.Release|Any CPU.ActiveCfg = Release|Any CPU
		{E2E013AD-C99E-46EE-BB43-223DE54FD106}.Release|Any CPU.Build.0 = Release|Any CPU
		{2D5BCEC3-6157-4B13-83C8-C710860E4EE4}.Debug|Any CPU.ActiveCfg = Debug|Any CPU
		{2D5BCEC3-6157-4B13-83C8-C710860E4EE4}.Debug|Any CPU.Build.0 = Debug|Any CPU
		{2D5BCEC3-6157-4B13-83C8-C710860E4EE4}.Release|Any CPU.ActiveCfg = Release|Any CPU
		{2D5BCEC3-6157-4B13-83C8-C710860E4EE4}.Release|Any CPU.Build.0 = Release|Any CPU
		{D1C6262C-A4C0-47F3-BAE1-FD2AE685840E}.Debug|Any CPU.ActiveCfg = Debug|Any CPU
		{D1C6262C-A4C0-47F3-BAE1-FD2AE685840E}.Debug|Any CPU.Build.0 = Debug|Any CPU
		{D1C6262C-A4C0-47F3-BAE1-FD2AE685840E}.Release|Any CPU.ActiveCfg = Release|Any CPU
		{D1C6262C-A4C0-47F3-BAE1-FD2AE685840E}.Release|Any CPU.Build.0 = Release|Any CPU
		{2D5A0B3A-5D1D-4B70-A5D7-2D0E24667491}.Debug|Any CPU.ActiveCfg = Debug|Any CPU
		{2D5A0B3A-5D1D-4B70-A5D7-2D0E24667491}.Debug|Any CPU.Build.0 = Debug|Any CPU
		{2D5A0B3A-5D1D-4B70-A5D7-2D0E24667491}.Release|Any CPU.ActiveCfg = Release|Any CPU
		{2D5A0B3A-5D1D-4B70-A5D7-2D0E24667491}.Release|Any CPU.Build.0 = Release|Any CPU
		{7132A88E-9635-48D1-B11E-E88311393EC0}.Debug|Any CPU.ActiveCfg = Debug|Any CPU
		{7132A88E-9635-48D1-B11E-E88311393EC0}.Debug|Any CPU.Build.0 = Debug|Any CPU
		{7132A88E-9635-48D1-B11E-E88311393EC0}.Release|Any CPU.ActiveCfg = Release|Any CPU
		{7132A88E-9635-48D1-B11E-E88311393EC0}.Release|Any CPU.Build.0 = Release|Any CPU
		{694CF8D7-78A3-4FAA-BE71-02F0BFB7A384}.Debug|Any CPU.ActiveCfg = Debug|Any CPU
		{694CF8D7-78A3-4FAA-BE71-02F0BFB7A384}.Debug|Any CPU.Build.0 = Debug|Any CPU
		{694CF8D7-78A3-4FAA-BE71-02F0BFB7A384}.Release|Any CPU.ActiveCfg = Release|Any CPU
		{694CF8D7-78A3-4FAA-BE71-02F0BFB7A384}.Release|Any CPU.Build.0 = Release|Any CPU
		{FFA0C0BC-6CBB-40F1-BBE7-CBD9403FCB56}.Debug|Any CPU.ActiveCfg = Debug|Any CPU
		{FFA0C0BC-6CBB-40F1-BBE7-CBD9403FCB56}.Debug|Any CPU.Build.0 = Debug|Any CPU
		{FFA0C0BC-6CBB-40F1-BBE7-CBD9403FCB56}.Release|Any CPU.ActiveCfg = Release|Any CPU
		{FFA0C0BC-6CBB-40F1-BBE7-CBD9403FCB56}.Release|Any CPU.Build.0 = Release|Any CPU
		{6726D174-EF02-4E5F-A36D-02BA0BB67D60}.Debug|Any CPU.ActiveCfg = Debug|Any CPU
		{6726D174-EF02-4E5F-A36D-02BA0BB67D60}.Debug|Any CPU.Build.0 = Debug|Any CPU
		{6726D174-EF02-4E5F-A36D-02BA0BB67D60}.Release|Any CPU.ActiveCfg = Release|Any CPU
		{6726D174-EF02-4E5F-A36D-02BA0BB67D60}.Release|Any CPU.Build.0 = Release|Any CPU
		{96A08E17-25CE-4FDF-8094-43844B15BF7D}.Debug|Any CPU.ActiveCfg = Debug|Any CPU
		{96A08E17-25CE-4FDF-8094-43844B15BF7D}.Debug|Any CPU.Build.0 = Debug|Any CPU
		{96A08E17-25CE-4FDF-8094-43844B15BF7D}.Release|Any CPU.ActiveCfg = Release|Any CPU
		{96A08E17-25CE-4FDF-8094-43844B15BF7D}.Release|Any CPU.Build.0 = Release|Any CPU
		{5A9F0490-0A47-4809-BC8E-E16295880AC6}.Debug|Any CPU.ActiveCfg = Debug|Any CPU
		{5A9F0490-0A47-4809-BC8E-E16295880AC6}.Debug|Any CPU.Build.0 = Debug|Any CPU
		{5A9F0490-0A47-4809-BC8E-E16295880AC6}.Release|Any CPU.ActiveCfg = Release|Any CPU
		{5A9F0490-0A47-4809-BC8E-E16295880AC6}.Release|Any CPU.Build.0 = Release|Any CPU
		{98AD3527-FDC3-4EB3-95C0-5D52805500CC}.Debug|Any CPU.ActiveCfg = Debug|Any CPU
		{98AD3527-FDC3-4EB3-95C0-5D52805500CC}.Debug|Any CPU.Build.0 = Debug|Any CPU
		{98AD3527-FDC3-4EB3-95C0-5D52805500CC}.Release|Any CPU.ActiveCfg = Release|Any CPU
		{98AD3527-FDC3-4EB3-95C0-5D52805500CC}.Release|Any CPU.Build.0 = Release|Any CPU
		{B5FA921E-A40A-4FAB-B0AB-3D5B9214808F}.Debug|Any CPU.ActiveCfg = Debug|Any CPU
		{B5FA921E-A40A-4FAB-B0AB-3D5B9214808F}.Debug|Any CPU.Build.0 = Debug|Any CPU
		{B5FA921E-A40A-4FAB-B0AB-3D5B9214808F}.Release|Any CPU.ActiveCfg = Release|Any CPU
		{B5FA921E-A40A-4FAB-B0AB-3D5B9214808F}.Release|Any CPU.Build.0 = Release|Any CPU
		{8E32EBFE-5344-48F1-8DCE-EB815D1EF9E8}.Debug|Any CPU.ActiveCfg = Debug|Any CPU
		{8E32EBFE-5344-48F1-8DCE-EB815D1EF9E8}.Debug|Any CPU.Build.0 = Debug|Any CPU
		{8E32EBFE-5344-48F1-8DCE-EB815D1EF9E8}.Release|Any CPU.ActiveCfg = Release|Any CPU
		{8E32EBFE-5344-48F1-8DCE-EB815D1EF9E8}.Release|Any CPU.Build.0 = Release|Any CPU
		{CBB33D84-0D1F-4145-BA9D-8E345579010A}.Debug|Any CPU.ActiveCfg = Debug|Any CPU
		{CBB33D84-0D1F-4145-BA9D-8E345579010A}.Debug|Any CPU.Build.0 = Debug|Any CPU
		{CBB33D84-0D1F-4145-BA9D-8E345579010A}.Release|Any CPU.ActiveCfg = Release|Any CPU
		{CBB33D84-0D1F-4145-BA9D-8E345579010A}.Release|Any CPU.Build.0 = Release|Any CPU
		{B9A4AA7B-23C7-48A6-A32D-40E577790780}.Debug|Any CPU.ActiveCfg = Debug|Any CPU
		{B9A4AA7B-23C7-48A6-A32D-40E577790780}.Debug|Any CPU.Build.0 = Debug|Any CPU
		{B9A4AA7B-23C7-48A6-A32D-40E577790780}.Release|Any CPU.ActiveCfg = Release|Any CPU
		{B9A4AA7B-23C7-48A6-A32D-40E577790780}.Release|Any CPU.Build.0 = Release|Any CPU
		{D48E380D-53A7-4EC8-9B1E-429C23BB02C5}.Debug|Any CPU.ActiveCfg = Debug|Any CPU
		{D48E380D-53A7-4EC8-9B1E-429C23BB02C5}.Debug|Any CPU.Build.0 = Debug|Any CPU
		{D48E380D-53A7-4EC8-9B1E-429C23BB02C5}.Release|Any CPU.ActiveCfg = Release|Any CPU
		{D48E380D-53A7-4EC8-9B1E-429C23BB02C5}.Release|Any CPU.Build.0 = Release|Any CPU
		{04360FB8-27CA-4823-8CC9-33998291CC57}.Debug|Any CPU.ActiveCfg = Debug|Any CPU
		{04360FB8-27CA-4823-8CC9-33998291CC57}.Debug|Any CPU.Build.0 = Debug|Any CPU
		{04360FB8-27CA-4823-8CC9-33998291CC57}.Release|Any CPU.ActiveCfg = Release|Any CPU
		{04360FB8-27CA-4823-8CC9-33998291CC57}.Release|Any CPU.Build.0 = Release|Any CPU
		{BD93CE94-0FBF-43B2-AF9D-9669C573AF5B}.Debug|Any CPU.ActiveCfg = Debug|Any CPU
		{BD93CE94-0FBF-43B2-AF9D-9669C573AF5B}.Debug|Any CPU.Build.0 = Debug|Any CPU
		{BD93CE94-0FBF-43B2-AF9D-9669C573AF5B}.Release|Any CPU.ActiveCfg = Release|Any CPU
		{BD93CE94-0FBF-43B2-AF9D-9669C573AF5B}.Release|Any CPU.Build.0 = Release|Any CPU
		{9BC7A9D0-5B34-43E3-8CB7-98D56F0B2983}.Debug|Any CPU.ActiveCfg = Debug|Any CPU
		{9BC7A9D0-5B34-43E3-8CB7-98D56F0B2983}.Debug|Any CPU.Build.0 = Debug|Any CPU
		{9BC7A9D0-5B34-43E3-8CB7-98D56F0B2983}.Release|Any CPU.ActiveCfg = Release|Any CPU
		{9BC7A9D0-5B34-43E3-8CB7-98D56F0B2983}.Release|Any CPU.Build.0 = Release|Any CPU
		{E8659B5C-AD94-47BB-A634-0E2D92ADA138}.Debug|Any CPU.ActiveCfg = Debug|Any CPU
		{E8659B5C-AD94-47BB-A634-0E2D92ADA138}.Debug|Any CPU.Build.0 = Debug|Any CPU
		{E8659B5C-AD94-47BB-A634-0E2D92ADA138}.Release|Any CPU.ActiveCfg = Release|Any CPU
		{E8659B5C-AD94-47BB-A634-0E2D92ADA138}.Release|Any CPU.Build.0 = Release|Any CPU
		{D0A888BB-B5BC-46C2-84D1-5087746FF6C4}.Debug|Any CPU.ActiveCfg = Debug|Any CPU
		{D0A888BB-B5BC-46C2-84D1-5087746FF6C4}.Debug|Any CPU.Build.0 = Debug|Any CPU
		{D0A888BB-B5BC-46C2-84D1-5087746FF6C4}.Release|Any CPU.ActiveCfg = Release|Any CPU
		{D0A888BB-B5BC-46C2-84D1-5087746FF6C4}.Release|Any CPU.Build.0 = Release|Any CPU
		{416CE78E-3B2D-40A6-8CAD-53923B94C3A1}.Debug|Any CPU.ActiveCfg = Debug|Any CPU
		{416CE78E-3B2D-40A6-8CAD-53923B94C3A1}.Debug|Any CPU.Build.0 = Debug|Any CPU
		{416CE78E-3B2D-40A6-8CAD-53923B94C3A1}.Release|Any CPU.ActiveCfg = Release|Any CPU
		{416CE78E-3B2D-40A6-8CAD-53923B94C3A1}.Release|Any CPU.Build.0 = Release|Any CPU
		{76B3FF45-B11C-47A3-A2FD-DD2E3F9293FB}.Debug|Any CPU.ActiveCfg = Debug|Any CPU
		{76B3FF45-B11C-47A3-A2FD-DD2E3F9293FB}.Debug|Any CPU.Build.0 = Debug|Any CPU
		{76B3FF45-B11C-47A3-A2FD-DD2E3F9293FB}.Release|Any CPU.ActiveCfg = Release|Any CPU
		{76B3FF45-B11C-47A3-A2FD-DD2E3F9293FB}.Release|Any CPU.Build.0 = Release|Any CPU
		{ADC34371-AAA7-47A7-B775-835BD6B497F0}.Debug|Any CPU.ActiveCfg = Debug|Any CPU
		{ADC34371-AAA7-47A7-B775-835BD6B497F0}.Debug|Any CPU.Build.0 = Debug|Any CPU
		{ADC34371-AAA7-47A7-B775-835BD6B497F0}.Release|Any CPU.ActiveCfg = Release|Any CPU
		{ADC34371-AAA7-47A7-B775-835BD6B497F0}.Release|Any CPU.Build.0 = Release|Any CPU
		{4D42A9C9-37D6-45D5-A41D-EE8A9CFEBB3A}.Debug|Any CPU.ActiveCfg = Debug|Any CPU
		{4D42A9C9-37D6-45D5-A41D-EE8A9CFEBB3A}.Debug|Any CPU.Build.0 = Debug|Any CPU
		{4D42A9C9-37D6-45D5-A41D-EE8A9CFEBB3A}.Release|Any CPU.ActiveCfg = Release|Any CPU
		{4D42A9C9-37D6-45D5-A41D-EE8A9CFEBB3A}.Release|Any CPU.Build.0 = Release|Any CPU
		{0A473723-557D-4047-A94A-94B161542D41}.Debug|Any CPU.ActiveCfg = Debug|Any CPU
		{0A473723-557D-4047-A94A-94B161542D41}.Debug|Any CPU.Build.0 = Debug|Any CPU
		{0A473723-557D-4047-A94A-94B161542D41}.Release|Any CPU.ActiveCfg = Release|Any CPU
		{0A473723-557D-4047-A94A-94B161542D41}.Release|Any CPU.Build.0 = Release|Any CPU
		{99726823-1D32-402F-B823-97118A8A91CD}.Debug|Any CPU.ActiveCfg = Debug|Any CPU
		{99726823-1D32-402F-B823-97118A8A91CD}.Debug|Any CPU.Build.0 = Debug|Any CPU
		{99726823-1D32-402F-B823-97118A8A91CD}.Release|Any CPU.ActiveCfg = Release|Any CPU
		{99726823-1D32-402F-B823-97118A8A91CD}.Release|Any CPU.Build.0 = Release|Any CPU
		{DC7A7119-650E-47B0-8A74-D95D4FBB7C11}.Debug|Any CPU.ActiveCfg = Debug|Any CPU
		{DC7A7119-650E-47B0-8A74-D95D4FBB7C11}.Debug|Any CPU.Build.0 = Debug|Any CPU
		{DC7A7119-650E-47B0-8A74-D95D4FBB7C11}.Release|Any CPU.ActiveCfg = Release|Any CPU
		{DC7A7119-650E-47B0-8A74-D95D4FBB7C11}.Release|Any CPU.Build.0 = Release|Any CPU
		{D5A89107-4516-431D-9C38-FCA8D47943B1}.Debug|Any CPU.ActiveCfg = Debug|Any CPU
		{D5A89107-4516-431D-9C38-FCA8D47943B1}.Debug|Any CPU.Build.0 = Debug|Any CPU
		{D5A89107-4516-431D-9C38-FCA8D47943B1}.Release|Any CPU.ActiveCfg = Release|Any CPU
		{D5A89107-4516-431D-9C38-FCA8D47943B1}.Release|Any CPU.Build.0 = Release|Any CPU
		{AEB558AA-5592-42D1-91C7-DE7FCBE82DD0}.Debug|Any CPU.ActiveCfg = Debug|Any CPU
		{AEB558AA-5592-42D1-91C7-DE7FCBE82DD0}.Debug|Any CPU.Build.0 = Debug|Any CPU
		{AEB558AA-5592-42D1-91C7-DE7FCBE82DD0}.Release|Any CPU.ActiveCfg = Release|Any CPU
		{AEB558AA-5592-42D1-91C7-DE7FCBE82DD0}.Release|Any CPU.Build.0 = Release|Any CPU
		{25DF0E39-28B6-456E-99F4-0F19BF92A571}.Debug|Any CPU.ActiveCfg = Debug|Any CPU
		{25DF0E39-28B6-456E-99F4-0F19BF92A571}.Debug|Any CPU.Build.0 = Debug|Any CPU
		{25DF0E39-28B6-456E-99F4-0F19BF92A571}.Release|Any CPU.ActiveCfg = Release|Any CPU
		{25DF0E39-28B6-456E-99F4-0F19BF92A571}.Release|Any CPU.Build.0 = Release|Any CPU
		{B8051F2E-AA34-44A0-9EE9-AD7F78138548}.Debug|Any CPU.ActiveCfg = Debug|Any CPU
		{B8051F2E-AA34-44A0-9EE9-AD7F78138548}.Debug|Any CPU.Build.0 = Debug|Any CPU
		{B8051F2E-AA34-44A0-9EE9-AD7F78138548}.Release|Any CPU.ActiveCfg = Release|Any CPU
		{B8051F2E-AA34-44A0-9EE9-AD7F78138548}.Release|Any CPU.Build.0 = Release|Any CPU
	EndGlobalSection
	GlobalSection(SolutionProperties) = preSolution
		HideSolutionNode = FALSE
	EndGlobalSection
	GlobalSection(NestedProjects) = preSolution
		{D1C6262C-A4C0-47F3-BAE1-FD2AE685840E} = {A4976D3E-9403-4381-8638-EB05BB23161F}
		{2D5A0B3A-5D1D-4B70-A5D7-2D0E24667491} = {A4976D3E-9403-4381-8638-EB05BB23161F}
		{7132A88E-9635-48D1-B11E-E88311393EC0} = {A4976D3E-9403-4381-8638-EB05BB23161F}
		{694CF8D7-78A3-4FAA-BE71-02F0BFB7A384} = {A4976D3E-9403-4381-8638-EB05BB23161F}
		{FFA0C0BC-6CBB-40F1-BBE7-CBD9403FCB56} = {A4976D3E-9403-4381-8638-EB05BB23161F}
		{6726D174-EF02-4E5F-A36D-02BA0BB67D60} = {A4976D3E-9403-4381-8638-EB05BB23161F}
		{96A08E17-25CE-4FDF-8094-43844B15BF7D} = {A4976D3E-9403-4381-8638-EB05BB23161F}
		{5A9F0490-0A47-4809-BC8E-E16295880AC6} = {A4976D3E-9403-4381-8638-EB05BB23161F}
		{98AD3527-FDC3-4EB3-95C0-5D52805500CC} = {A4976D3E-9403-4381-8638-EB05BB23161F}
		{B5FA921E-A40A-4FAB-B0AB-3D5B9214808F} = {A4976D3E-9403-4381-8638-EB05BB23161F}
		{8E32EBFE-5344-48F1-8DCE-EB815D1EF9E8} = {A4976D3E-9403-4381-8638-EB05BB23161F}
		{CBB33D84-0D1F-4145-BA9D-8E345579010A} = {A4976D3E-9403-4381-8638-EB05BB23161F}
		{B9A4AA7B-23C7-48A6-A32D-40E577790780} = {A4976D3E-9403-4381-8638-EB05BB23161F}
		{D48E380D-53A7-4EC8-9B1E-429C23BB02C5} = {A4976D3E-9403-4381-8638-EB05BB23161F}
		{04360FB8-27CA-4823-8CC9-33998291CC57} = {F646784C-BF96-44BD-9459-27225C0A69A9}
		{BD93CE94-0FBF-43B2-AF9D-9669C573AF5B} = {A4976D3E-9403-4381-8638-EB05BB23161F}
		{9BC7A9D0-5B34-43E3-8CB7-98D56F0B2983} = {A4976D3E-9403-4381-8638-EB05BB23161F}
		{E8659B5C-AD94-47BB-A634-0E2D92ADA138} = {A4976D3E-9403-4381-8638-EB05BB23161F}
		{D0A888BB-B5BC-46C2-84D1-5087746FF6C4} = {A4976D3E-9403-4381-8638-EB05BB23161F}
		{416CE78E-3B2D-40A6-8CAD-53923B94C3A1} = {A4976D3E-9403-4381-8638-EB05BB23161F}
		{76B3FF45-B11C-47A3-A2FD-DD2E3F9293FB} = {A4976D3E-9403-4381-8638-EB05BB23161F}
		{ADC34371-AAA7-47A7-B775-835BD6B497F0} = {A4976D3E-9403-4381-8638-EB05BB23161F}
		{4D42A9C9-37D6-45D5-A41D-EE8A9CFEBB3A} = {A4976D3E-9403-4381-8638-EB05BB23161F}
		{0A473723-557D-4047-A94A-94B161542D41} = {A4976D3E-9403-4381-8638-EB05BB23161F}
		{99726823-1D32-402F-B823-97118A8A91CD} = {A4976D3E-9403-4381-8638-EB05BB23161F}
		{DC7A7119-650E-47B0-8A74-D95D4FBB7C11} = {A4976D3E-9403-4381-8638-EB05BB23161F}
		{D5A89107-4516-431D-9C38-FCA8D47943B1} = {A4976D3E-9403-4381-8638-EB05BB23161F}
		{AEB558AA-5592-42D1-91C7-DE7FCBE82DD0} = {A4976D3E-9403-4381-8638-EB05BB23161F}
		{25DF0E39-28B6-456E-99F4-0F19BF92A571} = {A4976D3E-9403-4381-8638-EB05BB23161F}
		{B8051F2E-AA34-44A0-9EE9-AD7F78138548} = {A4976D3E-9403-4381-8638-EB05BB23161F}
	EndGlobalSection
	GlobalSection(ExtensibilityGlobals) = postSolution
		SolutionGuid = {6E8210EB-07F4-4828-B5A4-C3A6176138E8}
	EndGlobalSection
EndGlobal
